
Microsoft Visual Studio Solution File, Format Version 12.00
# Visual Studio 15
VisualStudioVersion = 15.0.28307.106
MinimumVisualStudioVersion = 10.0.40219.1
Project("{9A19103F-16F7-4668-BE54-9A1E7A4F7556}") = "AlexaSkill", "AlexaSkill\AlexaSkill.csproj", "{24825297-85B4-4632-97CD-17BEA674BD39}"
EndProject
Project("{FAE04EC0-301F-11D3-BF4B-00C04F79EFBC}") = "AlexaSkill.VSIX", "AlexaSkill.VSIX\AlexaSkill.VSIX.csproj", "{C1B7CD38-1040-42A6-A3C8-982D2623DEF8}"
EndProject
Global
	GlobalSection(SolutionConfigurationPlatforms) = preSolution
		Debug|Any CPU = Debug|Any CPU
		Release|Any CPU = Release|Any CPU
	EndGlobalSection
	GlobalSection(ProjectConfigurationPlatforms) = postSolution
		{24825297-85B4-4632-97CD-17BEA674BD39}.Debug|Any CPU.ActiveCfg = Debug|Any CPU
		{24825297-85B4-4632-97CD-17BEA674BD39}.Debug|Any CPU.Build.0 = Debug|Any CPU
		{24825297-85B4-4632-97CD-17BEA674BD39}.Release|Any CPU.ActiveCfg = Release|Any CPU
		{24825297-85B4-4632-97CD-17BEA674BD39}.Release|Any CPU.Build.0 = Release|Any CPU
		{C1B7CD38-1040-42A6-A3C8-982D2623DEF8}.Debug|Any CPU.ActiveCfg = Debug|Any CPU
		{C1B7CD38-1040-42A6-A3C8-982D2623DEF8}.Debug|Any CPU.Build.0 = Debug|Any CPU
		{C1B7CD38-1040-42A6-A3C8-982D2623DEF8}.Release|Any CPU.ActiveCfg = Release|Any CPU
		{C1B7CD38-1040-42A6-A3C8-982D2623DEF8}.Release|Any CPU.Build.0 = Release|Any CPU
	EndGlobalSection
	GlobalSection(SolutionProperties) = preSolution
		HideSolutionNode = FALSE
	EndGlobalSection
	GlobalSection(ExtensibilityGlobals) = postSolution
		SolutionGuid = {2389680C-5B0C-4352-8EA5-EA3F4C910577}
	EndGlobalSection
EndGlobal
